version = 1

[[pins]]
name = "anyio"
version = "4.4.0"

[[pins.dependencies]]
name = "idna"

[[pins.dependencies]]
name = "sniffio"

[[pins]]
name = "certifi"
version = "2024.7.4"

[[pins]]
name = "charset-normalizer"
version = "3.3.2"

[[pins]]
name = "colorama"
version = "0.4.6"

[[pins]]
name = "contourpy"
version = "1.2.1"

[[pins.dependencies]]
name = "numpy"
version-marker = ">= 1.22.0"

[[pins]]
name = "cycler"
version = "0.12.1"

[[pins.dependencies]]
name = "pyparsing"
version-marker = ">= 2.3.1"

[[pins]]
name = "exceptiongroup"
version = "1.2.2"

[[pins]]
name = "filelock"
version = "3.15.4"

[[pins]]
name = "fonttools"
version = "4.53.1"

[[pins]]
name = "fsspec"
version = "2024.6.1"

[[pins]]
name = "huggingface-hub"
version = "0.24.1"

[[pins.dependencies]]
name = "filelock"

[[pins.dependencies]]
name = "fsspec"

[[pins.dependencies]]
name = "numpy"

[[pins.dependencies]]
name = "packaging"
version-marker = ">= 20.9"

[[pins.dependencies]]
name = "pyyaml"
version-marker = ">= 5.1"

[[pins.dependencies]]
name = "requests"

[[pins.dependencies]]
name = "safetensors"
version-marker = ">= 0.3.1"

[[pins.dependencies]]
name = "tqdm"
version-marker = ">= 4.42.1"

[[pins.dependencies]]
name = "typing-extensions"
version-marker = ">= 3.7.4.3"

[[pins]]
name = "idna"
version = "3.7"

[[pins]]
name = "jinja2"
version = "3.1.4"

[[pins.dependencies]]
name = "markupsafe"
version-marker = ">= 2.0"

[[pins]]
name = "joblib"
version = "1.4.2"

[[pins]]
name = "kiwisolver"
version = "1.4.5"

[[pins]]
name = "lightning-utilities"
version = "0.11.5"

[[pins]]
name = "markupsafe"
version = "2.1.5"

[[pins]]
name = "matplotlib"
version = "3.9.1"

[[pins.dependencies]]
name = "contourpy"
version-marker = ">= 1.0.1"

[[pins.dependencies]]
name = "cycler"
version-marker = ">= 0.10"

[[pins.dependencies]]
name = "fonttools"
version-marker = ">= 4.22.0"

[[pins.dependencies]]
name = "kiwisolver"
version-marker = ">= 1.3.1"

[[pins.dependencies]]
name = "numpy"
version-marker = ">= 1.23"

[[pins.dependencies]]
name = "packaging"
version-marker = ">= 20.0"

[[pins.dependencies]]
name = "pillow"
version-marker = ">= 8.0.0"

[[pins.dependencies]]
name = "pyparsing"
version-marker = ">= 2.3.1"

[[pins.dependencies]]
name = "python-dateutil"
version-marker = ">= 2.7"

[[pins]]
name = "mpmath"
version = "1.3.0"

[[pins]]
name = "networkx"
version = "3.3"

[[pins]]
name = "numpy"
version = "2.0.0"

[[pins]]
name = "packaging"
version = "24.2"

[[pins]]
name = "pandas"
version = "2.2.2"

[[pins.dependencies]]
name = "numpy"
version-marker = ">= 1.26.0"

[[pins.dependencies]]
name = "python-dateutil"
version-marker = ">= 2.8.2"

[[pins.dependencies]]
name = "pytz"

[[pins.dependencies]]
name = "tzdata"
version-marker = ">= 2022.7"

[[pins]]
name = "pillow"
version = "10.4.0"

[[pins]]
name = "pyannote-audio"
version = "3.2.1"

[[pins.dependencies]]
name = "filelock"
version-marker = ">= 3.8.0"

[[pins.dependencies]]
name = "huggingface-hub"
version-marker = ">= 0.13.0"

[[pins.dependencies]]
name = "lightning-utilities"
version-marker = ">= 0.8.0"

[[pins.dependencies]]
name = "numpy"
version-marker = "< 2.0.0, >= 1.24.0"

[[pins.dependencies]]
name = "packaging"

[[pins.dependencies]]
name = "pyannote-core"
version-marker = ">= 5.0.0"

[[pins.dependencies]]
name = "pyannote-database"
version-marker = ">= 5.0.1"

[[pins.dependencies]]
name = "pyannote-pipeline"
version-marker = ">= 3.0.1"

[[pins.dependencies]]
name = "pytorch-metric-learning"
version-marker = ">= 2.5.0"

[[pins.dependencies]]
name = "scikit-learn"
version-marker = ">= 1.0.0"

[[pins.dependencies]]
name = "scipy"
version-marker = ">= 1.10.0"

[[pins.dependencies]]
name = "semver"
version-marker = ">= 3.0.0"

[[pins.dependencies]]
name = "soundfile"
version-marker = ">= 0.12.1"

[[pins.dependencies]]
name = "speechbrain"
version-marker = ">= 0.5.16"

[[pins.dependencies]]
name = "torch"
version-marker = ">= 2.1.0"

[[pins.dependencies]]
name = "torch-audiomentations"
version-marker = ">= 0.11.0"

[[pins.dependencies]]
name = "torchaudio"
version-marker = ">= 2.1.0"

[[pins.dependencies]]
name = "torchmetrics"
version-marker = ">= 0.11.0"

[[pins.dependencies]]
name = "tqdm"

[[pins.dependencies]]
name = "typing-extensions"

[[pins.dependencies]]
name = "yaml"

[[pins]]
name = "pyannote-core"
version = "5.0.0"

[[pins.dependencies]]
name = "numpy"
version-marker = ">= 1.21.0"

[[pins.dependencies]]
name = "pandas"
version-marker = ">= 1.3.0"

[[pins.dependencies]]
name = "scipy"
version-marker = ">= 1.7.0"

[[pins]]
name = "pyannote-database"
version = "5.1.1"

[[pins.dependencies]]
name = "filelock"

[[pins.dependencies]]
name = "gitpython"
version-marker = ">= 3.1.30"

[[pins.dependencies]]
name = "numpy"

[[pins.dependencies]]
name = "pandas"
version-marker = ">= 1.0.0"

[[pins.dependencies]]
name = "pyannote-core"
version-marker = ">= 5.0"

[[pins.dependencies]]
name = "pyyaml"
version-marker = ">= 5.4.1"

[[pins.dependencies]]
name = "requests"

[[pins.dependencies]]
name = "rich"

[[pins.dependencies]]
name = "tqdm"

[[pins.dependencies]]
name = "typing-extensions"

[[pins]]
name = "pyannote-pipeline"
version = "3.0.1"

[[pins.dependencies]]
name = "huggingface-hub"
version-marker = ">= 0.11.0"

[[pins.dependencies]]
name = "pyannote-core"
version-marker = ">= 5.0.0"

[[pins.dependencies]]
name = "torch"
version-marker = ">= 1.10.0"

[[pins.dependencies]]
name = "typing-extensions"

[[pins]]
name = "pyparsing"
version = "3.1.2"

[[pins]]
name = "python-dateutil"
version = "2.9.0.post0"

[[pins.dependencies]]
name = "six"
version-marker = ">= 1.5"

[[pins]]
name = "pytorch-metric-learning"
version = "2.5.1"

[[pins.dependencies]]
name = "numpy"

[[pins.dependencies]]
name = "scikit-learn"

[[pins.dependencies]]
name = "torch"

[[pins.dependencies]]
name = "torchvision"

[[pins]]
name = "pytz"
version = "2024.1"

[[pins]]
name = "pyyaml"
version = "6.0.1"

[[pins]]
name = "requests"
version = "2.32.3"

[[pins.dependencies]]
name = "charset-normalizer"
version-marker = ">= 2, < 4"

[[pins.dependencies]]
name = "idna"
version-marker = ">= 2.5, < 4"

[[pins.dependencies]]
name = "urllib3"
version-marker = ">= 1.21.1, < 3"

[[pins]]
name = "safetensors"
version = "0.4.3"

[[pins]]
name = "scikit-learn"
version = "1.5.1"

[[pins.dependencies]]
name = "joblib"
version-marker = ">= 1.2.0"

[[pins.dependencies]]
name = "numpy"
version-marker = ">= 1.19.5"

[[pins.dependencies]]
name = "scipy"
version-marker = ">= 1.6.0"

[[pins.dependencies]]
name = "threadpoolctl"
version-marker = ">= 3.1.0"

[[pins]]
name = "scipy"
version = "1.14.0"

[[pins.dependencies]]
name = "numpy"
version-marker = ">= 1.26.0"

[[pins]]
name = "semver"
version = "3.0.2"

[[pins]]
name = "six"
version = "1.16.0"

[[pins]]
name = "sniffio"
version = "1.3.1"

[[pins]]
name = "soundfile"
version = "0.12.1"

[[pins.dependencies]]
name = "cffi"
version-marker = ">= 1.0"

[[pins]]
name = "speechbrain"
version = "1.0.1"

[[pins.dependencies]]
name = "huggingface-hub"
version-marker = ">= 0.19.4"

[[pins.dependencies]]
name = "hyperpyyaml"

[[pins.dependencies]]
name = "joblib"

[[pins.dependencies]]
name = "matplotlib"

[[pins.dependencies]]
name = "numpy"

[[pins.dependencies]]
name = "packaging"

[[pins.dependencies]]
name = "pandas"

[[pins.dependencies]]
name = "pyyaml"

[[pins.dependencies]]
name = "requests"

[[pins.dependencies]]
name = "scipy"

[[pins.dependencies]]
name = "sentencepiece"

[[pins.dependencies]]
name = "soundfile"

[[pins.dependencies]]
name = "torch"
version-marker = ">= 1.9, != 1.12.0, != 1.12.1"

[[pins.dependencies]]
name = "torchaudio"
version-marker = ">= 0.9.0"

[[pins.dependencies]]
name = "tqdm"

[[pins]]
name = "sympy"
version = "1.13.0"

[[pins.dependencies]]
name = "mpmath"
version-marker = ">= 0.19"

[[pins]]
name = "threadpoolctl"
version = "3.5.0"

[[pins]]
name = "torch"
version = "2.4.0"

[[pins.dependencies]]
name = "filelock"

[[pins.dependencies]]
name = "fsspec"

[[pins.dependencies]]
name = "jinja2"

[[pins.dependencies]]
name = "networkx"

[[pins.dependencies]]
name = "numpy"

[[pins.dependencies]]
name = "sympy"

[[pins.dependencies]]
name = "typing-extensions"
version-marker = ">= 4.8.0"

[[pins]]
name = "torch-audiomentations"
version = "0.11.0"

[[pins.dependencies]]
name = "torch"
version-marker = ">= 1.8.0"

[[pins]]
name = "torchaudio"
version = "2.4.0"

[[pins.dependencies]]
name = "torch"
version-marker = "== 2.4.0"

[[pins]]
name = "torchmetrics"
version = "1.4.0.post0"

[[pins.dependencies]]
name = "lightning-utilities"
version-marker = ">= 0.8.0"

[[pins.dependencies]]
name = "numpy"

[[pins.dependencies]]
name = "torch"
version-marker = ">= 1.10.0"

[[pins]]
name = "torchvision"
version = "0.19.0"

[[pins.dependencies]]
name = "numpy"

[[pins.dependencies]]
name = "pillow"
version-marker = ">= 5.3.0"

[[pins.dependencies]]
name = "torch"
version-marker = "== 2.4.0"

[[pins]]
name = "tqdm"
version = "4.66.4"

[[pins.dependencies]]
name = "colorama"

[[pins]]
name = "typing-extensions"
version = "4.12.2"

[[pins]]
name = "tzdata"
version = "2024.1"

[[pins]]
name = "urllib3"
version = "2.2.2"

[[pins]]
name = "yaml"
version = "0.2.5"

[metadata]
requires-python = ">= 3.12"

[[requires]]
name = "faster-whisper"

[[requires]]
name = "nltk"

[[requires]]
name = "numpy"

[[requires]]
name = "pandas"

[[requires]]
name = "pyannote-audio"

[[requires]]
name = "torch"

[[requires]]
name = "torchaudio"